{
  "requires": true,
  "lockfileVersion": 1,
  "dependencies": {
    "hostr": {
      "version": "2.3.7",
      "resolved": "https://registry.npmjs.org/hostr/-/hostr-2.3.7.tgz",
      "integrity": "sha512-JnmJRn6bZNhbDc6b2ofVhDjrdsoDtm/x/P4P3Q6YdxNfDrWQ8SZyftkshgAzRfAtMwRRQ4pQEO4JvqYexoMAvw==",
      "requires": {
        "argr": "~1.1.7",
        "colors": "^1.1.0",
        "lodash": "^4.15.0",
        "minimatch": "^3.0.2",
        "tiny-lr": "~0.1.4"
      },
      "dependencies": {
        "argr": {
          "version": "1.1.7",
          "resolved": "https://registry.npmjs.org/argr/-/argr-1.1.7.tgz",
          "integrity": "sha1-4TynRy7uKt5d6ZV2mf+yo3VrkSQ=",
          "requires": {
            "lodash": "^3.5.0"
          },
          "dependencies": {
            "lodash": {
              "version": "3.8.0",
              "resolved": "https://registry.npmjs.org/lodash/-/lodash-3.8.0.tgz",
              "integrity": "sha1-N265i9zZOCqTZcM8TLglDeEyW5E="
            }
          }
        },
        "balanced-match": {
          "version": "0.4.2",
          "resolved": "https://registry.npmjs.org/balanced-match/-/balanced-match-0.4.2.tgz",
          "integrity": "sha1-yz8+PHMtwPAe5wtAPzAuYddwmDg="
        },
        "brace-expansion": {
          "version": "1.1.6",
          "resolved": "https://registry.npmjs.org/brace-expansion/-/brace-expansion-1.1.6.tgz",
          "integrity": "sha1-cZfX6qm4fmSDkOph/GbIRCdCDfk=",
          "requires": {
            "balanced-match": "^0.4.1",
            "concat-map": "0.0.1"
          }
        },
        "colors": {
          "version": "1.1.0",
          "resolved": "https://registry.npmjs.org/colors/-/colors-1.1.0.tgz",
          "integrity": "sha1-6it9/Tinu2MTI9KbEI+nj9FtxSM="
        },
        "commander": {
          "version": "2.3.0",
          "resolved": "https://registry.npmjs.org/commander/-/commander-2.3.0.tgz",
          "integrity": "sha1-/UMOiJgy7DU7ms0d4hfBHLPu+HM="
        },
        "concat-map": {
          "version": "0.0.1",
          "resolved": "https://registry.npmjs.org/concat-map/-/concat-map-0.0.1.tgz",
          "integrity": "sha1-2Klr13/Wjfd5OnMDajug1UBdR3s="
        },
        "debug": {
          "version": "2.2.0",
          "resolved": "https://registry.npmjs.org/debug/-/debug-2.2.0.tgz",
          "integrity": "sha1-+HBX6ZWxofauaklgZkE3vFbwOdo=",
          "requires": {
            "ms": "0.7.1"
          }
        },
        "diff": {
          "version": "1.4.0",
          "resolved": "https://registry.npmjs.org/diff/-/diff-1.4.0.tgz",
          "integrity": "sha1-fyjS657nsVqX79ic5j3P2qPMur8="
        },
        "escape-string-regexp": {
          "version": "1.0.2",
          "resolved": "https://registry.npmjs.org/escape-string-regexp/-/escape-string-regexp-1.0.2.tgz",
          "integrity": "sha1-Tbwv5nTnGUnK8/smlc5/LcHZqNE="
        },
        "growl": {
          "version": "1.9.2",
          "resolved": "https://registry.npmjs.org/growl/-/growl-1.9.2.tgz",
          "integrity": "sha1-Dqd0NxXbjY3ixe3hd14bRayFwC8="
        },
        "inherits": {
          "version": "2.0.1",
          "resolved": "https://registry.npmjs.org/inherits/-/inherits-2.0.1.tgz",
          "integrity": "sha1-sX0I0ya0Qj5Wjv9xn5GwscvfafE="
        },
        "jade": {
          "version": "0.26.3",
          "resolved": "https://registry.npmjs.org/jade/-/jade-0.26.3.tgz",
          "integrity": "sha1-jxDXl32NefL2/4YqgbBRPMslaGw=",
          "requires": {
            "commander": "0.6.1",
            "mkdirp": "0.3.0"
          },
          "dependencies": {
            "commander": {
              "version": "0.6.1",
              "resolved": "https://registry.npmjs.org/commander/-/commander-0.6.1.tgz",
              "integrity": "sha1-+mihT2qUXVTbvlDYzbMyDp47GgY="
            },
            "mkdirp": {
              "version": "0.3.0",
              "resolved": "https://registry.npmjs.org/mkdirp/-/mkdirp-0.3.0.tgz",
              "integrity": "sha1-G79asbqCevI1dRQ0kEJkVfSB/h4="
            }
          }
        },
        "lodash": {
          "version": "4.15.0",
          "resolved": "https://registry.npmjs.org/lodash/-/lodash-4.15.0.tgz",
          "integrity": "sha1-MWI5HY8BQKoiz49rPDTWt/Y9Oqk="
        },
        "lru-cache": {
          "version": "2.7.3",
          "resolved": "https://registry.npmjs.org/lru-cache/-/lru-cache-2.7.3.tgz",
          "integrity": "sha1-bUUk6LlV+V1PW1iFHOId1y+06VI="
        },
        "minimatch": {
          "version": "3.0.3",
          "resolved": "https://registry.npmjs.org/minimatch/-/minimatch-3.0.3.tgz",
          "integrity": "sha1-Kk5AkLlrLbBqnX3wEFWmKnfJt3Q=",
          "requires": {
            "brace-expansion": "^1.0.0"
          }
        },
        "minimist": {
          "version": "0.0.8",
          "resolved": "https://registry.npmjs.org/minimist/-/minimist-0.0.8.tgz",
          "integrity": "sha1-hX/Kv8M5fSYluCKCYuhqp6ARsF0="
        },
        "mkdirp": {
          "version": "0.5.1",
          "resolved": "https://registry.npmjs.org/mkdirp/-/mkdirp-0.5.1.tgz",
          "integrity": "sha1-MAV0OOrGz3+MR2fzhkjWaX11yQM=",
          "requires": {
            "minimist": "0.0.8"
          }
        },
        "ms": {
          "version": "0.7.1",
          "resolved": "https://registry.npmjs.org/ms/-/ms-0.7.1.tgz",
          "integrity": "sha1-nNE8A62/8ltl7/3nzoZO6VIBcJg="
        },
        "sigmund": {
          "version": "1.0.1",
          "resolved": "https://registry.npmjs.org/sigmund/-/sigmund-1.0.1.tgz",
          "integrity": "sha1-P/IfGYytIXX587eBhT/ZTQ0ZtZA="
        },
        "supports-color": {
          "version": "1.2.0",
          "resolved": "https://registry.npmjs.org/supports-color/-/supports-color-1.2.0.tgz",
          "integrity": "sha1-/x7R5hFp0Gs88tWI4YixjYhH4X4="
        },
        "tiny-lr": {
          "version": "0.1.4",
          "resolved": "https://registry.npmjs.org/tiny-lr/-/tiny-lr-0.1.4.tgz",
          "integrity": "sha1-bkHX5n39CHjl4LN+N6BtZ+MJ/00=",
          "requires": {
            "body-parser": "~1.8.0",
            "debug": "~0.8.1",
            "faye-websocket": "~0.7.2",
            "parseurl": "~1.3.0",
            "qs": "~2.2.3"
          },
          "dependencies": {
            "body-parser": {
              "version": "1.8.4",
              "resolved": "https://registry.npmjs.org/body-parser/-/body-parser-1.8.4.tgz",
              "integrity": "sha1-1JfgS8E7P5qL2McLsM3Bby4CiJg=",
              "requires": {
                "bytes": "1.0.0",
                "depd": "0.4.5",
                "iconv-lite": "0.4.4",
                "media-typer": "0.3.0",
                "on-finished": "2.1.0",
                "qs": "2.2.4",
                "raw-body": "1.3.0",
                "type-is": "~1.5.1"
              },
              "dependencies": {
                "bytes": {
                  "version": "1.0.0",
                  "resolved": "https://registry.npmjs.org/bytes/-/bytes-1.0.0.tgz",
                  "integrity": "sha1-NWnt6Lo0MV+rmcPpLLBMciDeH6g="
                },
                "depd": {
                  "version": "0.4.5",
                  "resolved": "https://registry.npmjs.org/depd/-/depd-0.4.5.tgz",
                  "integrity": "sha1-GmZLUziLSmVz6K5ntfdnxpPKl/E="
                },
                "iconv-lite": {
                  "version": "0.4.4",
                  "resolved": "https://registry.npmjs.org/iconv-lite/-/iconv-lite-0.4.4.tgz",
                  "integrity": "sha1-6V8uQdsHNfwhZS94J6XuMuY8g6g="
                },
                "media-typer": {
                  "version": "0.3.0",
                  "resolved": "https://registry.npmjs.org/media-typer/-/media-typer-0.3.0.tgz",
                  "integrity": "sha1-hxDXrwqmJvj/+hzgAWhUUmMlV0g="
                },
                "on-finished": {
                  "version": "2.1.0",
                  "resolved": "https://registry.npmjs.org/on-finished/-/on-finished-2.1.0.tgz",
                  "integrity": "sha1-DFOfCSkej/rd4MiiWFD7LO3HAi0=",
                  "requires": {
                    "ee-first": "1.0.5"
                  },
                  "dependencies": {
                    "ee-first": {
                      "version": "1.0.5",
                      "resolved": "https://registry.npmjs.org/ee-first/-/ee-first-1.0.5.tgz",
                      "integrity": "sha1-jJshKJjYzZ8alDZlDOe+ICyen/A="
                    }
                  }
                },
                "qs": {
                  "version": "2.2.4",
                  "resolved": "https://registry.npmjs.org/qs/-/qs-2.2.4.tgz",
                  "integrity": "sha1-Lp+800tUDjQhySTs0B6QqpdTGcg="
                },
                "raw-body": {
                  "version": "1.3.0",
                  "resolved": "https://registry.npmjs.org/raw-body/-/raw-body-1.3.0.tgz",
                  "integrity": "sha1-l4IwoValVI9C7vFN4i0PT2EAg9E=",
                  "requires": {
                    "bytes": "1",
                    "iconv-lite": "0.4.4"
                  }
                },
                "type-is": {
                  "version": "1.5.3",
                  "resolved": "https://registry.npmjs.org/type-is/-/type-is-1.5.3.tgz",
                  "integrity": "sha1-t/uS0KvGKDk/EN0mCTLMpl/p/2g=",
                  "requires": {
                    "media-typer": "0.3.0",
                    "mime-types": "~2.0.3"
                  },
                  "dependencies": {
                    "mime-types": {
                      "version": "2.0.3",
                      "resolved": "https://registry.npmjs.org/mime-types/-/mime-types-2.0.3.tgz",
                      "integrity": "sha1-cLXLUWW1XctJcoOfFtYHewu1BvQ=",
                      "requires": {
                        "mime-db": "~1.2.0"
                      },
                      "dependencies": {
                        "mime-db": {
                          "version": "1.2.0",
                          "resolved": "https://registry.npmjs.org/mime-db/-/mime-db-1.2.0.tgz",
                          "integrity": "sha1-drkufsrGc/XasGahC2b66hvi8B8="
                        }
                      }
                    }
                  }
                }
              }
            },
            "debug": {
              "version": "0.8.1",
              "resolved": "https://registry.npmjs.org/debug/-/debug-0.8.1.tgz",
              "integrity": "sha1-IP9NJvXkIstoobrLu2EDmtjBwTA="
            },
            "faye-websocket": {
              "version": "0.7.3",
              "resolved": "https://registry.npmjs.org/faye-websocket/-/faye-websocket-0.7.3.tgz",
              "integrity": "sha1-zEB0x/Sk39A69U3WXDVLE1EyzhE=",
              "requires": {
                "websocket-driver": ">=0.3.6"
              },
              "dependencies": {
                "websocket-driver": {
                  "version": "0.4.0",
                  "resolved": "https://registry.npmjs.org/websocket-driver/-/websocket-driver-0.4.0.tgz",
                  "integrity": "sha1-cfqZLl1BwsxeKQQgaH0GAe/Qa3o="
                }
              }
            },
            "parseurl": {
              "version": "1.3.0",
              "resolved": "https://registry.npmjs.org/parseurl/-/parseurl-1.3.0.tgz",
              "integrity": "sha1-tYBG20Ij4UWvp2AJ5hush8wigbM="
            },
            "qs": {
              "version": "2.2.5",
              "resolved": "https://registry.npmjs.org/qs/-/qs-2.2.5.tgz",
              "integrity": "sha1-EIirr53MCuWuRbcJ5sa1iIsjkjw="
            }
          }
        },
        "to-iso-string": {
          "version": "0.0.2",
          "resolved": "https://registry.npmjs.org/to-iso-string/-/to-iso-string-0.0.2.tgz",
          "integrity": "sha1-TcGeZk38y+Jb2NtQiwDG2hWCVdE="
        }
      }
    }
  }
}
